{
  "originHash" : "35dc11fedcefd081f54aa9cc9df60df9953b9aa8cd5f9f41df5190f189505aa4",
  "pins" : [
    {
      "identity" : "ios-maps-sdk",
      "kind" : "remoteSourceControl",
      "location" : "https://github.com/googlemaps/ios-maps-sdk",
      "state" : {
        "revision" : "02f8f144ef266da44d50a68d1562ca051bac27cc",
        "version" : "9.4.0"
      }
    }
  ],
  "version" : 3
}
