{
  "originHash" : "9b5141a1d206e2852738f0712a08664a7970ae89750043c8b7632db1b5ddc83e",
  "pins" : [
    {
      "identity" : "ios-maps-sdk",
      "kind" : "remoteSourceControl",
      "location" : "https://github.com/googlemaps/ios-maps-sdk",
      "state" : {
        "revision" : "bb35529d3660739497b35d5de53dc7e6c5942198",
        "version" : "11.1.0"
      }
    }
  ],
  "version" : 3
}
